
Microsoft Visual Studio Solution File, Format Version 12.00
# Visual Studio 15
VisualStudioVersion = 15.0.28307.1321
MinimumVisualStudioVersion = 10.0.40219.1
Project("{FAE04EC0-301F-11D3-BF4B-00C04F79EFBC}") = "ServerChatApp_20180140110_NurAfandiMujib", "ServerChatApp_20180140110_NurAfandiMujib\ServerChatApp_20180140110_NurAfandiMujib.csproj", "{11B6DD49-BE62-44B5-8F14-6D2D028856A2}"
EndProject
Global
	GlobalSection(SolutionConfigurationPlatforms) = preSolution
		Debug|Any CPU = Debug|Any CPU
		Release|Any CPU = Release|Any CPU
	EndGlobalSection
	GlobalSection(ProjectConfigurationPlatforms) = postSolution
		{11B6DD49-BE62-44B5-8F14-6D2D028856A2}.Debug|Any CPU.ActiveCfg = Debug|Any CPU
		{11B6DD49-BE62-44B5-8F14-6D2D028856A2}.Debug|Any CPU.Build.0 = Debug|Any CPU
		{11B6DD49-BE62-44B5-8F14-6D2D028856A2}.Release|Any CPU.ActiveCfg = Release|Any CPU
		{11B6DD49-BE62-44B5-8F14-6D2D028856A2}.Release|Any CPU.Build.0 = Release|Any CPU
	EndGlobalSection
	GlobalSection(SolutionProperties) = preSolution
		HideSolutionNode = FALSE
	EndGlobalSection
	GlobalSection(ExtensibilityGlobals) = postSolution
		SolutionGuid = {722B4A54-9CFD-4406-8AD3-72141CB1C41F}
	EndGlobalSection
EndGlobal
